
Microsoft Visual Studio Solution File, Format Version 12.00
# Visual Studio Version 16
VisualStudioVersion = 16.0.31321.278
MinimumVisualStudioVersion = 10.0.40219.1
Project("{FAE04EC0-301F-11D3-BF4B-00C04F79EFBC}") = "BTLPMQL", "BTLPMQL.csproj", "{095383FD-FCF5-4F06-AE25-53FFF022604E}"
EndProject
Global
	GlobalSection(SolutionConfigurationPlatforms) = preSolution
		Debug|Any CPU = Debug|Any CPU
		Release|Any CPU = Release|Any CPU
	EndGlobalSection
	GlobalSection(ProjectConfigurationPlatforms) = postSolution
		{095383FD-FCF5-4F06-AE25-53FFF022604E}.Debug|Any CPU.ActiveCfg = Debug|Any CPU
		{095383FD-FCF5-4F06-AE25-53FFF022604E}.Debug|Any CPU.Build.0 = Debug|Any CPU
		{095383FD-FCF5-4F06-AE25-53FFF022604E}.Release|Any CPU.ActiveCfg = Release|Any CPU
		{095383FD-FCF5-4F06-AE25-53FFF022604E}.Release|Any CPU.Build.0 = Release|Any CPU
	EndGlobalSection
	GlobalSection(SolutionProperties) = preSolution
		HideSolutionNode = FALSE
	EndGlobalSection
	GlobalSection(ExtensibilityGlobals) = postSolution
		SolutionGuid = {0EF6E386-EAD0-4FC7-BB97-174EFF2E9A6F}
	EndGlobalSection
EndGlobal
